
Microsoft Visual Studio Solution File, Format Version 12.00
# Visual Studio Version 16
VisualStudioVersion = 16.0.31112.23
MinimumVisualStudioVersion = 10.0.40219.1
Project("{8BC9CEB8-8B4A-11D0-8D11-00A0C91BC942}") = "APITopology", "APITopology\APITopology.vcxproj", "{0CA6BAB0-DC8A-4574-82CC-897D41B04E79}"
EndProject
Global
	GlobalSection(SolutionConfigurationPlatforms) = preSolution
		Debug|x64 = Debug|x64
		Debug|x86 = Debug|x86
		Release|x64 = Release|x64
		Release|x86 = Release|x86
	EndGlobalSection
	GlobalSection(ProjectConfigurationPlatforms) = postSolution
		{0CA6BAB0-DC8A-4574-82CC-897D41B04E79}.Debug|x64.ActiveCfg = Debug|x64
		{0CA6BAB0-DC8A-4574-82CC-897D41B04E79}.Debug|x64.Build.0 = Debug|x64
		{0CA6BAB0-DC8A-4574-82CC-897D41B04E79}.Debug|x86.ActiveCfg = Debug|Win32
		{0CA6BAB0-DC8A-4574-82CC-897D41B04E79}.Debug|x86.Build.0 = Debug|Win32
		{0CA6BAB0-DC8A-4574-82CC-897D41B04E79}.Release|x64.ActiveCfg = Release|x64
		{0CA6BAB0-DC8A-4574-82CC-897D41B04E79}.Release|x64.Build.0 = Release|x64
		{0CA6BAB0-DC8A-4574-82CC-897D41B04E79}.Release|x86.ActiveCfg = Release|Win32
		{0CA6BAB0-DC8A-4574-82CC-897D41B04E79}.Release|x86.Build.0 = Release|Win32
	EndGlobalSection
	GlobalSection(SolutionProperties) = preSolution
		HideSolutionNode = FALSE
	EndGlobalSection
	GlobalSection(ExtensibilityGlobals) = postSolution
		SolutionGuid = {A78FC784-9F31-4557-B72F-7598E580CE88}
	EndGlobalSection
EndGlobal
